
Microsoft Visual Studio Solution File, Format Version 12.00
# Visual Studio Version 16
VisualStudioVersion = 16.0.32106.194
MinimumVisualStudioVersion = 10.0.40219.1
Project("{FAE04EC0-301F-11D3-BF4B-00C04F79EFBC}") = "HomeBugetOleszczuk_W2022", "HomeBugetOleszczuk_W2022\HomeBugetOleszczuk_W2022.csproj", "{E9518AEC-D6FF-47C6-9A0E-54C34F7F0C91}"
EndProject
Project("{FAE04EC0-301F-11D3-BF4B-00C04F79EFBC}") = "TestBugetOleszczuk_W2022", "TestBugetOleszczuk_W2022\TestBugetOleszczuk_W2022.csproj", "{D31EFA7E-A50F-45A0-BCF2-90AE6BA48F99}"
EndProject
Global
	GlobalSection(SolutionConfigurationPlatforms) = preSolution
		Debug|Any CPU = Debug|Any CPU
		Release|Any CPU = Release|Any CPU
	EndGlobalSection
	GlobalSection(ProjectConfigurationPlatforms) = postSolution
		{E9518AEC-D6FF-47C6-9A0E-54C34F7F0C91}.Debug|Any CPU.ActiveCfg = Debug|Any CPU
		{E9518AEC-D6FF-47C6-9A0E-54C34F7F0C91}.Debug|Any CPU.Build.0 = Debug|Any CPU
		{E9518AEC-D6FF-47C6-9A0E-54C34F7F0C91}.Release|Any CPU.ActiveCfg = Release|Any CPU
		{E9518AEC-D6FF-47C6-9A0E-54C34F7F0C91}.Release|Any CPU.Build.0 = Release|Any CPU
		{D31EFA7E-A50F-45A0-BCF2-90AE6BA48F99}.Debug|Any CPU.ActiveCfg = Debug|Any CPU
		{D31EFA7E-A50F-45A0-BCF2-90AE6BA48F99}.Debug|Any CPU.Build.0 = Debug|Any CPU
		{D31EFA7E-A50F-45A0-BCF2-90AE6BA48F99}.Release|Any CPU.ActiveCfg = Release|Any CPU
		{D31EFA7E-A50F-45A0-BCF2-90AE6BA48F99}.Release|Any CPU.Build.0 = Release|Any CPU
	EndGlobalSection
	GlobalSection(SolutionProperties) = preSolution
		HideSolutionNode = FALSE
	EndGlobalSection
	GlobalSection(ExtensibilityGlobals) = postSolution
		SolutionGuid = {6C458ACD-4562-4B23-B7DB-DB733A728ADC}
	EndGlobalSection
EndGlobal
